
Microsoft Visual Studio Solution File, Format Version 12.00
# Visual Studio Version 17
VisualStudioVersion = 17.7.34024.191
MinimumVisualStudioVersion = 10.0.40219.1
Project("{FAE04EC0-301F-11D3-BF4B-00C04F79EFBC}") = "WinformPGSQL", "WinformPGSQL\WinformPGSQL.csproj", "{C65B573F-8639-4F8A-854E-379CB5A1D93E}"
EndProject
Global
	GlobalSection(SolutionConfigurationPlatforms) = preSolution
		Debug|Any CPU = Debug|Any CPU
		Release|Any CPU = Release|Any CPU
	EndGlobalSection
	GlobalSection(ProjectConfigurationPlatforms) = postSolution
		{C65B573F-8639-4F8A-854E-379CB5A1D93E}.Debug|Any CPU.ActiveCfg = Debug|Any CPU
		{C65B573F-8639-4F8A-854E-379CB5A1D93E}.Debug|Any CPU.Build.0 = Debug|Any CPU
		{C65B573F-8639-4F8A-854E-379CB5A1D93E}.Release|Any CPU.ActiveCfg = Release|Any CPU
		{C65B573F-8639-4F8A-854E-379CB5A1D93E}.Release|Any CPU.Build.0 = Release|Any CPU
	EndGlobalSection
	GlobalSection(SolutionProperties) = preSolution
		HideSolutionNode = FALSE
	EndGlobalSection
	GlobalSection(ExtensibilityGlobals) = postSolution
		SolutionGuid = {CC2A3C74-99D6-4205-B595-7A597A7845B4}
	EndGlobalSection
EndGlobal
